// !$*UTF8*$!
{
	archiveVersion = 1;
	classes = {
	};
	objectVersion = 50;
	objects = {

/* Begin PBXBuildFile section */
		107E14DC258C8DAD00A3ADCA /* AppDelegate.swift in Sources */ = {isa = PBXBuildFile; fileRef = 107E14DB258C8DAC00A3ADCA /* AppDelegate.swift */; };
		107E14DE258C8DAD00A3ADCA /* SceneDelegate.swift in Sources */ = {isa = PBXBuildFile; fileRef = 107E14DD258C8DAD00A3ADCA /* SceneDelegate.swift */; };
		107E14E0258C8DAD00A3ADCA /* ViewController.swift in Sources */ = {isa = PBXBuildFile; fileRef = 107E14DF258C8DAD00A3ADCA /* ViewController.swift */; };
		107E14E3258C8DAD00A3ADCA /* Main.storyboard in Resources */ = {isa = PBXBuildFile; fileRef = 107E14E1258C8DAD00A3ADCA /* Main.storyboard */; };
		107E14E5258C8DBA00A3ADCA /* Assets.xcassets in Resources */ = {isa = PBXBuildFile; fileRef = 107E14E4258C8DBA00A3ADCA /* Assets.xcassets */; };
		107E14E8258C8DBA00A3ADCA /* LaunchScreen.storyboard in Resources */ = {isa = PBXBuildFile; fileRef = 107E14E6258C8DBA00A3ADCA /* LaunchScreen.storyboard */; };
/* End PBXBuildFile section */

/* Begin PBXFileReference section */
		107E14D8258C8DAC00A3ADCA /* 博试试.app */ = {isa = PBXFileReference; explicitFileType = wrapper.application; includeInIndex = 0; path = "博试试.app"; sourceTree = BUILT_PRODUCTS_DIR; };
		107E14DB258C8DAC00A3ADCA /* AppDelegate.swift */ = {isa = PBXFileReference; lastKnownFileType = sourcecode.swift; path = AppDelegate.swift; sourceTree = "<group>"; };
		107E14DD258C8DAD00A3ADCA /* SceneDelegate.swift */ = {isa = PBXFileReference; lastKnownFileType = sourcecode.swift; path = SceneDelegate.swift; sourceTree = "<group>"; };
		107E14DF258C8DAD00A3ADCA /* ViewController.swift */ = {isa = PBXFileReference; lastKnownFileType = sourcecode.swift; path = ViewController.swift; sourceTree = "<group>"; };
		107E14E2258C8DAD00A3ADCA /* Base */ = {isa = PBXFileReference; lastKnownFileType = file.storyboard; name = Base; path = Base.lproj/Main.storyboard; sourceTree = "<group>"; };
		107E14E4258C8DBA00A3ADCA /* Assets.xcassets */ = {isa = PBXFileReference; lastKnownFileType = folder.assetcatalog; path = Assets.xcassets; sourceTree = "<group>"; };
		107E14E7258C8DBA00A3ADCA /* Base */ = {isa = PBXFileReference; lastKnownFileType = file.storyboard; name = Base; path = Base.lproj/LaunchScreen.storyboard; sourceTree = "<group>"; };
		107E14E9258C8DBA00A3ADCA /* Info.plist */ = {isa = PBXFileReference; lastKnownFileType = text.plist.xml; path = Info.plist; sourceTree = "<group>"; };
/* End PBXFileReference section */

/* Begin PBXFrameworksBuildPhase section */
		107E14D5258C8DAC00A3ADCA /* Frameworks */ = {
			isa = PBXFrameworksBuildPhase;
			buildActionMask = 2147483647;
			files = (
			);
			runOnlyForDeploymentPostprocessing = 0;
		};
/* End PBXFrameworksBuildPhase section */

/* Begin PBXGroup section */
		107E14CF258C8DAC00A3ADCA = {
			isa = PBXGroup;
			children = (
				107E14DA258C8DAC00A3ADCA /* 博试试 */,
				107E14D9258C8DAC00A3ADCA /* Products */,
			);
			sourceTree = "<group>";
		};
		107E14D9258C8DAC00A3ADCA /* Products */ = {
			isa = PBXGroup;
			children = (
				107E14D8258C8DAC00A3ADCA /* 博试试.app */,
			);
			name = Products;
			sourceTree = "<group>";
		};
		107E14DA258C8DAC00A3ADCA /* 博试试 */ = {
			isa = PBXGroup;
			children = (
				107E14DB258C8DAC00A3ADCA /* AppDelegate.swift */,
				107E14DD258C8DAD00A3ADCA /* SceneDelegate.swift */,
				107E14DF258C8DAD00A3ADCA /* ViewController.swift */,
				107E14E1258C8DAD00A3ADCA /* Main.storyboard */,
				107E14E4258C8DBA00A3ADCA /* Assets.xcassets */,
				107E14E6258C8DBA00A3ADCA /* LaunchScreen.storyboard */,
				107E14E9258C8DBA00A3ADCA /* Info.plist */,
			);
			path = "博试试";
			sourceTree = "<group>";
		};
/* End PBXGroup section */

/* Begin PBXNativeTarget section */
		107E14D7258C8DAC00A3ADCA /* 博试试 */ = {
			isa = PBXNativeTarget;
			buildConfigurationList = 107E14EC258C8DBA00A3ADCA /* Build configuration list for PBXNativeTarget "博试试" */;
			buildPhases = (
				107E14D4258C8DAC00A3ADCA /* Sources */,
				107E14D5258C8DAC00A3ADCA /* Frameworks */,
				107E14D6258C8DAC00A3ADCA /* Resources */,
			);
			buildRules = (
			);
			dependencies = (
			);
			name = "博试试";
			productName = "博试试";
			productReference = 107E14D8258C8DAC00A3ADCA /* 博试试.app */;
			productType = "com.apple.product-type.application";
		};
/* End PBXNativeTarget section */

/* Begin PBXProject section */
		107E14D0258C8DAC00A3ADCA /* Project object */ = {
			isa = PBXProject;
			attributes = {
				CLASSPREFIX = MY;
				LastSwiftUpdateCheck = 1230;
				LastUpgradeCheck = 1230;
				TargetAttributes = {
					107E14D7258C8DAC00A3ADCA = {
						CreatedOnToolsVersion = 12.3;
					};
				};
			};
			buildConfigurationList = 107E14D3258C8DAC00A3ADCA /* Build configuration list for PBXProject "博试试" */;
			compatibilityVersion = "Xcode 9.3";
			developmentRegion = en;
			hasScannedForEncodings = 0;
			knownRegions = (
				en,
				Base,
			);
			mainGroup = 107E14CF258C8DAC00A3ADCA;
			productRefGroup = 107E14D9258C8DAC00A3ADCA /* Products */;
			projectDirPath = "";
			projectRoot = "";
			targets = (
				107E14D7258C8DAC00A3ADCA /* 博试试 */,
			);
		};
/* End PBXProject section */

/* Begin PBXResourcesBuildPhase section */
		107E14D6258C8DAC00A3ADCA /* Resources */ = {
			isa = PBXResourcesBuildPhase;
			buildActionMask = 2147483647;
			files = (
				107E14E8258C8DBA00A3ADCA /* LaunchScreen.storyboard in Resources */,
				107E14E5258C8DBA00A3ADCA /* Assets.xcassets in Resources */,
				107E14E3258C8DAD00A3ADCA /* Main.storyboard in Resources */,
			);
			runOnlyForDeploymentPostprocessing = 0;
		};
/* End PBXResourcesBuildPhase section */

/* Begin PBXSourcesBuildPhase section */
		107E14D4258C8DAC00A3ADCA /* Sources */ = {
			isa = PBXSourcesBuildPhase;
			buildActionMask = 2147483647;
			files = (
				107E14E0258C8DAD00A3ADCA /* ViewController.swift in Sources */,
				107E14DC258C8DAD00A3ADCA /* AppDelegate.swift in Sources */,
				107E14DE258C8DAD00A3ADCA /* SceneDelegate.swift in Sources */,
			);
			runOnlyForDeploymentPostprocessing = 0;
		};
/* End PBXSourcesBuildPhase section */

/* Begin PBXVariantGroup section */
		107E14E1258C8DAD00A3ADCA /* Main.storyboard */ = {
			isa = PBXVariantGroup;
			children = (
				107E14E2258C8DAD00A3ADCA /* Base */,
			);
			name = Main.storyboard;
			sourceTree = "<group>";
		};
		107E14E6258C8DBA00A3ADCA /* LaunchScreen.storyboard */ = {
			isa = PBXVariantGroup;
			children = (
				107E14E7258C8DBA00A3ADCA /* Base */,
			);
			name = LaunchScreen.storyboard;
			sourceTree = "<group>";
		};
/* End PBXVariantGroup section */

/* Begin XCBuildConfiguration section */
		107E14EA258C8DBA00A3ADCA /* Debug */ = {
			isa = XCBuildConfiguration;
			buildSettings = {
				ALWAYS_SEARCH_USER_PATHS = NO;
				CLANG_ANALYZER_NONNULL = YES;
				CLANG_ANALYZER_NUMBER_OBJECT_CONVERSION = YES_AGGRESSIVE;
				CLANG_CXX_LANGUAGE_STANDARD = "gnu++14";
				CLANG_CXX_LIBRARY = "libc++";
				CLANG_ENABLE_MODULES = YES;
				CLANG_ENABLE_OBJC_ARC = YES;
				CLANG_ENABLE_OBJC_WEAK = YES;
				CLANG_WARN_BLOCK_CAPTURE_AUTORELEASING = YES;
				CLANG_WARN_BOOL_CONVERSION = YES;
				CLANG_WARN_COMMA = YES;
				CLANG_WARN_CONSTANT_CONVERSION = YES;
				CLANG_WARN_DEPRECATED_OBJC_IMPLEMENTATIONS = YES;
				CLANG_WARN_DIRECT_OBJC_ISA_USAGE = YES_ERROR;
				CLANG_WARN_DOCUMENTATION_COMMENTS = YES;
				CLANG_WARN_EMPTY_BODY = YES;
				CLANG_WARN_ENUM_CONVERSION = YES;
				CLANG_WARN_INFINITE_RECURSION = YES;
				CLANG_WARN_INT_CONVERSION = YES;
				CLANG_WARN_NON_LITERAL_NULL_CONVERSION = YES;
				CLANG_WARN_OBJC_IMPLICIT_RETAIN_SELF = YES;
				CLANG_WARN_OBJC_LITERAL_CONVERSION = YES;
				CLANG_WARN_OBJC_ROOT_CLASS = YES_ERROR;
				CLANG_WARN_QUOTED_INCLUDE_IN_FRAMEWORK_HEADER = YES;
				CLANG_WARN_RANGE_LOOP_ANALYSIS = YES;
				CLANG_WARN_STRICT_PROTOTYPES = YES;
				CLANG_WARN_SUSPICIOUS_MOVE = YES;
				CLANG_WARN_UNGUARDED_AVAILABILITY = YES_AGGRESSIVE;
				CLANG_WARN_UNREACHABLE_CODE = YES;
				CLANG_WARN__DUPLICATE_METHOD_MATCH = YES;
				COPY_PHASE_STRIP = NO;
				DEBUG_INFORMATION_FORMAT = dwarf;
				ENABLE_STRICT_OBJC_MSGSEND = YES;
				ENABLE_TESTABILITY = YES;
				GCC_C_LANGUAGE_STANDARD = gnu11;
				GCC_DYNAMIC_NO_PIC = NO;
				GCC_NO_COMMON_BLOCKS = YES;
				GCC_OPTIMIZATION_LEVEL = 0;
				GCC_PREPROCESSOR_DEFINITIONS = (
					"DEBUG=1",
					"$(inherited)",
				);
				GCC_WARN_64_TO_32_BIT_CONVERSION = YES;
				GCC_WARN_ABOUT_RETURN_TYPE = YES_ERROR;
				GCC_WARN_UNDECLARED_SELECTOR = YES;
				GCC_WARN_UNINITIALIZED_AUTOS = YES_AGGRESSIVE;
				GCC_WARN_UNUSED_FUNCTION = YES;
				GCC_WARN_UNUSED_VARIABLE = YES;
				IPHONEOS_DEPLOYMENT_TARGET = 14.3;
				MTL_ENABLE_DEBUG_INFO = INCLUDE_SOURCE;
				MTL_FAST_MATH = YES;
				ONLY_ACTIVE_ARCH = YES;
				SDKROOT = iphoneos;
				SWIFT_ACTIVE_COMPILATION_CONDITIONS = DEBUG;
				SWIFT_OPTIMIZATION_LEVEL = "-Onone";
			};
			name = Debug;
		};
		107E14EB258C8DBA00A3ADCA /* Release */ = {
			isa = XCBuildConfiguration;
			buildSettings = {
				ALWAYS_SEARCH_USER_PATHS = NO;
				CLANG_ANALYZER_NONNULL = YES;
				CLANG_ANALYZER_NUMBER_OBJECT_CONVERSION = YES_AGGRESSIVE;
				CLANG_CXX_LANGUAGE_STANDARD = "gnu++14";
				CLANG_CXX_LIBRARY = "libc++";
				CLANG_ENABLE_MODULES = YES;
				CLANG_ENABLE_OBJC_ARC = YES;
				CLANG_ENABLE_OBJC_WEAK = YES;
				CLANG_WARN_BLOCK_CAPTURE_AUTORELEASING = YES;
				CLANG_WARN_BOOL_CONVERSION = YES;
				CLANG_WARN_COMMA = YES;
				CLANG_WARN_CONSTANT_CONVERSION = YES;
				CLANG_WARN_DEPRECATED_OBJC_IMPLEMENTATIONS = YES;
				CLANG_WARN_DIRECT_OBJC_ISA_USAGE = YES_ERROR;
				CLANG_WARN_DOCUMENTATION_COMMENTS = YES;
				CLANG_WARN_EMPTY_BODY = YES;
				CLANG_WARN_ENUM_CONVERSION = YES;
				CLANG_WARN_INFINITE_RECURSION = YES;
				CLANG_WARN_INT_CONVERSION = YES;
				CLANG_WARN_NON_LITERAL_NULL_CONVERSION = YES;
				CLANG_WARN_OBJC_IMPLICIT_RETAIN_SELF = YES;
				CLANG_WARN_OBJC_LITERAL_CONVERSION = YES;
				CLANG_WARN_OBJC_ROOT_CLASS = YES_ERROR;
				CLANG_WARN_QUOTED_INCLUDE_IN_FRAMEWORK_HEADER = YES;
				CLANG_WARN_RANGE_LOOP_ANALYSIS = YES;
				CLANG_WARN_STRICT_PROTOTYPES = YES;
				CLANG_WARN_SUSPICIOUS_MOVE = YES;
				CLANG_WARN_UNGUARDED_AVAILABILITY = YES_AGGRESSIVE;
				CLANG_WARN_UNREACHABLE_CODE = YES;
				CLANG_WARN__DUPLICATE_METHOD_MATCH = YES;
				COPY_PHASE_STRIP = NO;
				DEBUG_INFORMATION_FORMAT = "dwarf-with-dsym";
				ENABLE_NS_ASSERTIONS = NO;
				ENABLE_STRICT_OBJC_MSGSEND = YES;
				GCC_C_LANGUAGE_STANDARD = gnu11;
				GCC_NO_COMMON_BLOCKS = YES;
				GCC_WARN_64_TO_32_BIT_CONVERSION = YES;
				GCC_WARN_ABOUT_RETURN_TYPE = YES_ERROR;
				GCC_WARN_UNDECLARED_SELECTOR = YES;
				GCC_WARN_UNINITIALIZED_AUTOS = YES_AGGRESSIVE;
				GCC_WARN_UNUSED_FUNCTION = YES;
				GCC_WARN_UNUSED_VARIABLE = YES;
				IPHONEOS_DEPLOYMENT_TARGET = 14.3;
				MTL_ENABLE_DEBUG_INFO = NO;
				MTL_FAST_MATH = YES;
				SDKROOT = iphoneos;
				SWIFT_COMPILATION_MODE = wholemodule;
				SWIFT_OPTIMIZATION_LEVEL = "-O";
				VALIDATE_PRODUCT = YES;
			};
			name = Release;
		};
		107E14ED258C8DBA00A3ADCA /* Debug */ = {
			isa = XCBuildConfiguration;
			buildSettings = {
				ASSETCATALOG_COMPILER_APPICON_NAME = AppIcon;
				ASSETCATALOG_COMPILER_GLOBAL_ACCENT_COLOR_NAME = AccentColor;
				CODE_SIGN_STYLE = Automatic;
				DEVELOPMENT_TEAM = KACQ5A7556;
				INFOPLIST_FILE = "博试试/Info.plist";
				LD_RUNPATH_SEARCH_PATHS = (
					"$(inherited)",
					"@executable_path/Frameworks",
				);
				PRODUCT_BUNDLE_IDENTIFIER = "john.---";
				PRODUCT_NAME = "$(TARGET_NAME)";
				SWIFT_VERSION = 5.0;
				TARGETED_DEVICE_FAMILY = "1,2";
			};
			name = Debug;
		};
		107E14EE258C8DBA00A3ADCA /* Release */ = {
			isa = XCBuildConfiguration;
			buildSettings = {
				ASSETCATALOG_COMPILER_APPICON_NAME = AppIcon;
				ASSETCATALOG_COMPILER_GLOBAL_ACCENT_COLOR_NAME = AccentColor;
				CODE_SIGN_STYLE = Automatic;
				DEVELOPMENT_TEAM = KACQ5A7556;
				INFOPLIST_FILE = "博试试/Info.plist";
				LD_RUNPATH_SEARCH_PATHS = (
					"$(inherited)",
					"@executable_path/Frameworks",
				);
				PRODUCT_BUNDLE_IDENTIFIER = "john.---";
				PRODUCT_NAME = "$(TARGET_NAME)";
				SWIFT_VERSION = 5.0;
				TARGETED_DEVICE_FAMILY = "1,2";
			};
			name = Release;
		};
/* End XCBuildConfiguration section */

/* Begin XCConfigurationList section */
		107E14D3258C8DAC00A3ADCA /* Build configuration list for PBXProject "博试试" */ = {
			isa = XCConfigurationList;
			buildConfigurations = (
				107E14EA258C8DBA00A3ADCA /* Debug */,
				107E14EB258C8DBA00A3ADCA /* Release */,
			);
			defaultConfigurationIsVisible = 0;
			defaultConfigurationName = Release;
		};
		107E14EC258C8DBA00A3ADCA /* Build configuration list for PBXNativeTarget "博试试" */ = {
			isa = XCConfigurationList;
			buildConfigurations = (
				107E14ED258C8DBA00A3ADCA /* Debug */,
				107E14EE258C8DBA00A3ADCA /* Release */,
			);
			defaultConfigurationIsVisible = 0;
			defaultConfigurationName = Release;
		};
/* End XCConfigurationList section */
	};
	rootObject = 107E14D0258C8DAC00A3ADCA /* Project object */;
}
